
Microsoft Visual Studio Solution File, Format Version 12.00
# Visual Studio Version 17
VisualStudioVersion = 17.9.34616.47
MinimumVisualStudioVersion = 10.0.40219.1
Project("{9A19103F-16F7-4668-BE54-9A1E7A4F7556}") = "HomeTaskMod14_Exceptions", "HomeTaskMod14_Exceptions\HomeTaskMod14_Exceptions.csproj", "{D9DCC4E8-2412-4B8B-B0B1-DEEC6E4A1209}"
EndProject
Project("{9A19103F-16F7-4668-BE54-9A1E7A4F7556}") = "Figures0_255Exceptions", "Figures0_255Exceptions\Figures0_255Exceptions.csproj", "{2A047803-61E1-468D-BADB-D31D83557365}"
EndProject
Project("{FAE04EC0-301F-11D3-BF4B-00C04F79EFBC}") = "MyUniqueException", "MyUniqueException\MyUniqueException.csproj", "{A07C13E2-E8A3-45C9-9927-6F886666E092}"
EndProject
Global
	GlobalSection(SolutionConfigurationPlatforms) = preSolution
		Debug|Any CPU = Debug|Any CPU
		Release|Any CPU = Release|Any CPU
	EndGlobalSection
	GlobalSection(ProjectConfigurationPlatforms) = postSolution
		{D9DCC4E8-2412-4B8B-B0B1-DEEC6E4A1209}.Debug|Any CPU.ActiveCfg = Debug|Any CPU
		{D9DCC4E8-2412-4B8B-B0B1-DEEC6E4A1209}.Debug|Any CPU.Build.0 = Debug|Any CPU
		{D9DCC4E8-2412-4B8B-B0B1-DEEC6E4A1209}.Release|Any CPU.ActiveCfg = Release|Any CPU
		{D9DCC4E8-2412-4B8B-B0B1-DEEC6E4A1209}.Release|Any CPU.Build.0 = Release|Any CPU
		{2A047803-61E1-468D-BADB-D31D83557365}.Debug|Any CPU.ActiveCfg = Debug|Any CPU
		{2A047803-61E1-468D-BADB-D31D83557365}.Debug|Any CPU.Build.0 = Debug|Any CPU
		{2A047803-61E1-468D-BADB-D31D83557365}.Release|Any CPU.ActiveCfg = Release|Any CPU
		{2A047803-61E1-468D-BADB-D31D83557365}.Release|Any CPU.Build.0 = Release|Any CPU
		{A07C13E2-E8A3-45C9-9927-6F886666E092}.Debug|Any CPU.ActiveCfg = Debug|Any CPU
		{A07C13E2-E8A3-45C9-9927-6F886666E092}.Debug|Any CPU.Build.0 = Debug|Any CPU
		{A07C13E2-E8A3-45C9-9927-6F886666E092}.Release|Any CPU.ActiveCfg = Release|Any CPU
		{A07C13E2-E8A3-45C9-9927-6F886666E092}.Release|Any CPU.Build.0 = Release|Any CPU
	EndGlobalSection
	GlobalSection(SolutionProperties) = preSolution
		HideSolutionNode = FALSE
	EndGlobalSection
	GlobalSection(ExtensibilityGlobals) = postSolution
		SolutionGuid = {0801D35B-0EFE-4EBD-8C20-E8ED2A063139}
	EndGlobalSection
EndGlobal
