
Microsoft Visual Studio Solution File, Format Version 12.00
# Visual Studio Version 17
VisualStudioVersion = 17.9.34607.119
MinimumVisualStudioVersion = 10.0.40219.1
Project("{FAE04EC0-301F-11D3-BF4B-00C04F79EFBC}") = "HomeTask4Mod7", "HomeTask4Mod7\HomeTask4Mod7.csproj", "{767E4F83-2EA2-4EEF-AACC-94C2CA90D7F3}"
EndProject
Global
	GlobalSection(SolutionConfigurationPlatforms) = preSolution
		Debug|Any CPU = Debug|Any CPU
		Release|Any CPU = Release|Any CPU
	EndGlobalSection
	GlobalSection(ProjectConfigurationPlatforms) = postSolution
		{767E4F83-2EA2-4EEF-AACC-94C2CA90D7F3}.Debug|Any CPU.ActiveCfg = Debug|Any CPU
		{767E4F83-2EA2-4EEF-AACC-94C2CA90D7F3}.Debug|Any CPU.Build.0 = Debug|Any CPU
		{767E4F83-2EA2-4EEF-AACC-94C2CA90D7F3}.Release|Any CPU.ActiveCfg = Release|Any CPU
		{767E4F83-2EA2-4EEF-AACC-94C2CA90D7F3}.Release|Any CPU.Build.0 = Release|Any CPU
	EndGlobalSection
	GlobalSection(SolutionProperties) = preSolution
		HideSolutionNode = FALSE
	EndGlobalSection
	GlobalSection(ExtensibilityGlobals) = postSolution
		SolutionGuid = {A9C2F32F-4087-48FE-92D0-69F9F602F7D0}
	EndGlobalSection
EndGlobal
