
Microsoft Visual Studio Solution File, Format Version 12.00
# Visual Studio Version 17
VisualStudioVersion = 17.9.34616.47
MinimumVisualStudioVersion = 10.0.40219.1
Project("{9A19103F-16F7-4668-BE54-9A1E7A4F7556}") = "HomeTaskMod12", "HomeTaskMod12\HomeTaskMod12.csproj", "{A6702153-8765-46DB-AB2A-1C4C376FBA13}"
EndProject
Project("{9A19103F-16F7-4668-BE54-9A1E7A4F7556}") = "PersonProject", "PersonProject\PersonProject.csproj", "{8ACC959D-46BF-474E-B28B-259EBAEFA7A4}"
EndProject
Project("{FAE04EC0-301F-11D3-BF4B-00C04F79EFBC}") = "Mobile", "Mobile\Mobile.csproj", "{493802BA-7EB1-46B0-9D37-87722563BB42}"
EndProject
Global
	GlobalSection(SolutionConfigurationPlatforms) = preSolution
		Debug|Any CPU = Debug|Any CPU
		Release|Any CPU = Release|Any CPU
	EndGlobalSection
	GlobalSection(ProjectConfigurationPlatforms) = postSolution
		{A6702153-8765-46DB-AB2A-1C4C376FBA13}.Debug|Any CPU.ActiveCfg = Debug|Any CPU
		{A6702153-8765-46DB-AB2A-1C4C376FBA13}.Debug|Any CPU.Build.0 = Debug|Any CPU
		{A6702153-8765-46DB-AB2A-1C4C376FBA13}.Release|Any CPU.ActiveCfg = Release|Any CPU
		{A6702153-8765-46DB-AB2A-1C4C376FBA13}.Release|Any CPU.Build.0 = Release|Any CPU
		{8ACC959D-46BF-474E-B28B-259EBAEFA7A4}.Debug|Any CPU.ActiveCfg = Debug|Any CPU
		{8ACC959D-46BF-474E-B28B-259EBAEFA7A4}.Debug|Any CPU.Build.0 = Debug|Any CPU
		{8ACC959D-46BF-474E-B28B-259EBAEFA7A4}.Release|Any CPU.ActiveCfg = Release|Any CPU
		{8ACC959D-46BF-474E-B28B-259EBAEFA7A4}.Release|Any CPU.Build.0 = Release|Any CPU
		{493802BA-7EB1-46B0-9D37-87722563BB42}.Debug|Any CPU.ActiveCfg = Debug|Any CPU
		{493802BA-7EB1-46B0-9D37-87722563BB42}.Debug|Any CPU.Build.0 = Debug|Any CPU
		{493802BA-7EB1-46B0-9D37-87722563BB42}.Release|Any CPU.ActiveCfg = Release|Any CPU
		{493802BA-7EB1-46B0-9D37-87722563BB42}.Release|Any CPU.Build.0 = Release|Any CPU
	EndGlobalSection
	GlobalSection(SolutionProperties) = preSolution
		HideSolutionNode = FALSE
	EndGlobalSection
	GlobalSection(ExtensibilityGlobals) = postSolution
		SolutionGuid = {03B12702-8E61-4A65-9FEA-868EB80A48B3}
	EndGlobalSection
EndGlobal
